{
  "name": "epa-widgets",
  "version": "1.0.0",
  "lockfileVersion": 3,
  "requires": true,
  "packages": {
    "": {
      "name": "epa-widgets",
      "version": "1.0.0",
      "license": "ISC",
      "dependencies": {
        "moment": "2.29.4",
        "react-data-grid": "7.0.0-beta.59"
      }
    },
    "node_modules/moment": {
      "version": "2.29.4",
      "resolved": "https://registry.npmjs.org/moment/-/moment-2.29.4.tgz",
      "integrity": "sha512-5LC9SOxjSc2HF6vO2CyuTDNivEdoz2IvyJJGj6X8DJ0eFyfszE0QiEd+iXmBvUP3WHxSjFH/vIsA0EN00cgr8w==",
      "license": "MIT",
      "engines": {
        "node": "*"
      }
    },
    "node_modules/react": {
      "version": "19.2.5",
      "resolved": "https://registry.npmjs.org/react/-/react-19.2.5.tgz",
      "integrity": "sha512-llUJLzz1zTUBrskt2pwZgLq59AemifIftw4aB7JxOqf1HY2FDaGDxgwpAPVzHU1kdWabH7FauP4i1oEeer2WCA==",
      "license": "MIT",
      "peer": true,
      "engines": {
        "node": ">=0.10.0"
      }
    },
    "node_modules/react-data-grid": {
      "version": "7.0.0-beta.59",
      "resolved": "https://registry.npmjs.org/react-data-grid/-/react-data-grid-7.0.0-beta.59.tgz",
      "integrity": "sha512-iAp/UYWjfmXYFsyKDtGDMP1IvhwtQSjCP6G/wFEbMNuumWGOEZF8Ut1S2Bp4XxVpOrBkEVKXn+QC3rs14AcB7A==",
      "license": "MIT",
      "peerDependencies": {
        "react": "^19.2",
        "react-dom": "^19.2"
      }
    },
    "node_modules/react-dom": {
      "version": "19.2.5",
      "resolved": "https://registry.npmjs.org/react-dom/-/react-dom-19.2.5.tgz",
      "integrity": "sha512-J5bAZz+DXMMwW/wV3xzKke59Af6CHY7G4uYLN1OvBcKEsWOs4pQExj86BBKamxl/Ik5bx9whOrvBlSDfWzgSag==",
      "license": "MIT",
      "peer": true,
      "dependencies": {
        "scheduler": "^0.27.0"
      },
      "peerDependencies": {
        "react": "^19.2.5"
      }
    },
    "node_modules/scheduler": {
      "version": "0.27.0",
      "resolved": "https://registry.npmjs.org/scheduler/-/scheduler-0.27.0.tgz",
      "integrity": "sha512-eNv+WrVbKu1f3vbYJT/xtiF5syA5HPIMtf9IgY/nKg0sWqzAUEvqY/xm7OcZc/qafLx/iO9FgOmeSAp4v5ti/Q==",
      "license": "MIT"
    }
  }
}
